{
  "name": "demo",
  "version": "1.0.0",
  "lockfileVersion": 1,
  "requires": true,
  "dependencies": {
    "fs-extra": {
      "version": "6.0.1",
      "resolved": "http://npm.jyblife.com/fs-extra/-/fs-extra-6.0.1.tgz",
      "integrity": "sha1-irwSj3lG4xATXdyTuYvdtBDno0s=",
      "dev": true,
      "requires": {
        "graceful-fs": "4.1.11",
        "jsonfile": "4.0.0",
        "universalify": "0.1.1"
      }
    },
    "graceful-fs": {
      "version": "4.1.11",
      "resolved": "http://npm.jyblife.com/graceful-fs/-/graceful-fs-4.1.11.tgz",
      "integrity": "sha1-Dovf5NHduIVNZOBOp8AOKgJuVlg=",
      "dev": true
    },
    "jsonfile": {
      "version": "4.0.0",
      "resolved": "http://npm.jyblife.com/jsonfile/-/jsonfile-4.0.0.tgz",
      "integrity": "sha1-h3Gq4HmbZAdrdmQPygWPnBDjPss=",
      "dev": true,
      "requires": {
        "graceful-fs": "4.1.11"
      }
    },
    "universalify": {
      "version": "0.1.1",
      "resolved": "http://npm.jyblife.com/universalify/-/universalify-0.1.1.tgz",
      "integrity": "sha1-+nG63UQ3r0wUiEHjs7Fl+enlkLc=",
      "dev": true
    }
  }
}
